{
  "name": "aquarium_addition",
  "version": "1.0.0",
  "lockfileVersion": 3,
  "requires": true,
  "packages": {
    "": {
      "name": "aquarium_addition",
      "version": "1.0.0",
      "license": "ISC",
      "dependencies": {
        "@typeform/embed": "^5.5.0"
      }
    },
    "node_modules/@typeform/embed": {
      "version": "5.5.0",
      "resolved": "https://registry.npmjs.org/@typeform/embed/-/embed-5.5.0.tgz",
      "integrity": "sha512-+JIwsOfok9MjoKsDw8YbQsAZYThKEARK+m/hSZxrU6s5WoZxVnwDsO+O5HyrMtH+kOuNb5kIvQM2lPc0c33c2g==",
      "license": "MIT",
      "engines": {
        "node": ">=10"
      }
    }
  }
}
